
Microsoft Visual Studio Solution File, Format Version 12.00
# Visual Studio 14
VisualStudioVersion = 14.0.25420.1
MinimumVisualStudioVersion = 10.0.40219.1
Project("{FAE04EC0-301F-11D3-BF4B-00C04F79EFBC}") = "SpaceInvadersFramework", "SpaceInvadersFramework\SpaceInvadersFramework\SpaceInvadersFramework.csproj", "{AABC08BF-3C9F-4627-AA19-A590F956A8B3}"
EndProject
Project("{96E2B04D-8817-42C6-938A-82C39BA4D311}") = "SpaceInvadersFrameworkContent", "SpaceInvadersFramework\SpaceInvadersFrameworkContent\SpaceInvadersFrameworkContent.contentproj", "{10723C05-7573-4E8A-9762-90E19A10A7A4}"
EndProject
Global
	GlobalSection(SolutionConfigurationPlatforms) = preSolution
		Debug|x86 = Debug|x86
		Release|x86 = Release|x86
	EndGlobalSection
	GlobalSection(ProjectConfigurationPlatforms) = postSolution
		{AABC08BF-3C9F-4627-AA19-A590F956A8B3}.Debug|x86.ActiveCfg = Debug|x86
		{AABC08BF-3C9F-4627-AA19-A590F956A8B3}.Debug|x86.Build.0 = Debug|x86
		{AABC08BF-3C9F-4627-AA19-A590F956A8B3}.Release|x86.ActiveCfg = Release|x86
		{AABC08BF-3C9F-4627-AA19-A590F956A8B3}.Release|x86.Build.0 = Release|x86
		{10723C05-7573-4E8A-9762-90E19A10A7A4}.Debug|x86.ActiveCfg = Debug|x86
		{10723C05-7573-4E8A-9762-90E19A10A7A4}.Release|x86.ActiveCfg = Release|x86
	EndGlobalSection
	GlobalSection(SolutionProperties) = preSolution
		HideSolutionNode = FALSE
	EndGlobalSection
EndGlobal
